{
  "pins" : [
    {
      "identity" : "amplitude-ios",
      "kind" : "remoteSourceControl",
      "location" : "https://github.com/amplitude/Amplitude-iOS",
      "state" : {
        "revision" : "b9512600a0367f5b38c75ad71e822be9ebd9406a",
        "version" : "8.16.1"
      }
    },
    {
      "identity" : "analytics-connector-ios",
      "kind" : "remoteSourceControl",
      "location" : "https://github.com/amplitude/analytics-connector-ios.git",
      "state" : {
        "revision" : "d3d682a26ca6f4947ece2c2e627971bb41b940fa",
        "version" : "1.0.1"
      }
    },
    {
      "identity" : "mobile-sdk-ios-spm",
      "kind" : "remoteSourceControl",
      "location" : "https://github.com/iplabs/mobile-sdk-ios-spm",
      "state" : {
        "branch" : "main",
        "revision" : "3265757d8f58286a58a8533badde04e78d4b1cb1"
      }
    }
  ],
  "version" : 2
}
