{
  "pins" : [
    {
      "identity" : "amplitude-ios",
      "kind" : "remoteSourceControl",
      "location" : "https://github.com/amplitude/Amplitude-iOS",
      "state" : {
        "revision" : "483ec5c74b50f0d483013fc910fe890ec34e54d2",
        "version" : "8.14.0"
      }
    },
    {
      "identity" : "analytics-connector-ios",
      "kind" : "remoteSourceControl",
      "location" : "https://github.com/amplitude/analytics-connector-ios.git",
      "state" : {
        "revision" : "d3d682a26ca6f4947ece2c2e627971bb41b940fa",
        "version" : "1.0.1"
      }
    },
    {
      "identity" : "mobile-sdk-ios-spm",
      "kind" : "remoteSourceControl",
      "location" : "https://github.com/iplabs/mobile-sdk-ios-spm",
      "state" : {
        "branch" : "main",
        "revision" : "1e65785ad5c8a26897a60179551f01adf1862ed2"
      }
    }
  ],
  "version" : 2
}
